
Microsoft Visual Studio Solution File, Format Version 12.00
# Visual Studio 15
VisualStudioVersion = 15.0.26228.4
MinimumVisualStudioVersion = 10.0.40219.1
Project("{FAE04EC0-301F-11D3-BF4B-00C04F79EFBC}") = "DreamLeague", "DreamLeague\DreamLeague.csproj", "{80966590-E134-42BD-804A-522C407935D0}"
EndProject
Project("{FAE04EC0-301F-11D3-BF4B-00C04F79EFBC}") = "DreamLeague.Tests", "DreamLeague.Tests\DreamLeague.Tests.csproj", "{B3538197-0DF0-4579-9001-EE3960E88903}"
EndProject
Global
	GlobalSection(SolutionConfigurationPlatforms) = preSolution
		Debug|Any CPU = Debug|Any CPU
		Release|Any CPU = Release|Any CPU
	EndGlobalSection
	GlobalSection(ProjectConfigurationPlatforms) = postSolution
		{80966590-E134-42BD-804A-522C407935D0}.Debug|Any CPU.ActiveCfg = Debug|Any CPU
		{80966590-E134-42BD-804A-522C407935D0}.Debug|Any CPU.Build.0 = Debug|Any CPU
		{80966590-E134-42BD-804A-522C407935D0}.Release|Any CPU.ActiveCfg = Release|Any CPU
		{80966590-E134-42BD-804A-522C407935D0}.Release|Any CPU.Build.0 = Release|Any CPU
		{B3538197-0DF0-4579-9001-EE3960E88903}.Debug|Any CPU.ActiveCfg = Debug|Any CPU
		{B3538197-0DF0-4579-9001-EE3960E88903}.Debug|Any CPU.Build.0 = Debug|Any CPU
		{B3538197-0DF0-4579-9001-EE3960E88903}.Release|Any CPU.ActiveCfg = Release|Any CPU
		{B3538197-0DF0-4579-9001-EE3960E88903}.Release|Any CPU.Build.0 = Release|Any CPU
	EndGlobalSection
	GlobalSection(SolutionProperties) = preSolution
		HideSolutionNode = FALSE
	EndGlobalSection
	GlobalSection(TeamFoundationVersionControl) = preSolution
		SccNumberOfProjects = 3
		SccEnterpriseProvider = {4CA58AB2-18FA-4F8D-95D4-32DDF27D184C}
		SccTeamFoundationServer = https://johnwatson484.visualstudio.com/
		SccLocalPath0 = .
		SccProjectUniqueName1 = DreamLeague.Tests\\DreamLeague.Tests.csproj
		SccProjectName1 = DreamLeague.Tests
		SccLocalPath1 = DreamLeague.Tests
		SccProjectUniqueName2 = DreamLeague\\DreamLeague.csproj
		SccProjectName2 = DreamLeague
		SccLocalPath2 = DreamLeague
	EndGlobalSection
EndGlobal
